
Microsoft Visual Studio Solution File, Format Version 12.00
# Visual Studio Version 17
VisualStudioVersion = 17.5.33424.131
MinimumVisualStudioVersion = 10.0.40219.1
Project("{FAE04EC0-301F-11D3-BF4B-00C04F79EFBC}") = "DVLDWinForm", "DVLDWinForm.csproj", "{A6EF6C37-EF42-4D8B-8E66-68C59522821A}"
EndProject
Project("{FAE04EC0-301F-11D3-BF4B-00C04F79EFBC}") = "DVLDBusinessLayer", "..\DVLDBusinessLayer\DVLDBusinessLayer.csproj", "{89EE6D4E-F726-45CC-8E7B-CB577C8074E1}"
EndProject
Project("{FAE04EC0-301F-11D3-BF4B-00C04F79EFBC}") = "DVLDDataAccessLayer", "..\DVLDDataAccessLayer\DVLDDataAccessLayer.csproj", "{3847C061-4C50-4E77-A4D2-9D58F528E5B3}"
EndProject
Global
	GlobalSection(SolutionConfigurationPlatforms) = preSolution
		Debug|Any CPU = Debug|Any CPU
		Release|Any CPU = Release|Any CPU
	EndGlobalSection
	GlobalSection(ProjectConfigurationPlatforms) = postSolution
		{A6EF6C37-EF42-4D8B-8E66-68C59522821A}.Debug|Any CPU.ActiveCfg = Debug|Any CPU
		{A6EF6C37-EF42-4D8B-8E66-68C59522821A}.Debug|Any CPU.Build.0 = Debug|Any CPU
		{A6EF6C37-EF42-4D8B-8E66-68C59522821A}.Release|Any CPU.ActiveCfg = Release|Any CPU
		{A6EF6C37-EF42-4D8B-8E66-68C59522821A}.Release|Any CPU.Build.0 = Release|Any CPU
		{89EE6D4E-F726-45CC-8E7B-CB577C8074E1}.Debug|Any CPU.ActiveCfg = Debug|Any CPU
		{89EE6D4E-F726-45CC-8E7B-CB577C8074E1}.Debug|Any CPU.Build.0 = Debug|Any CPU
		{89EE6D4E-F726-45CC-8E7B-CB577C8074E1}.Release|Any CPU.ActiveCfg = Release|Any CPU
		{89EE6D4E-F726-45CC-8E7B-CB577C8074E1}.Release|Any CPU.Build.0 = Release|Any CPU
		{3847C061-4C50-4E77-A4D2-9D58F528E5B3}.Debug|Any CPU.ActiveCfg = Debug|Any CPU
		{3847C061-4C50-4E77-A4D2-9D58F528E5B3}.Debug|Any CPU.Build.0 = Debug|Any CPU
		{3847C061-4C50-4E77-A4D2-9D58F528E5B3}.Release|Any CPU.ActiveCfg = Release|Any CPU
		{3847C061-4C50-4E77-A4D2-9D58F528E5B3}.Release|Any CPU.Build.0 = Release|Any CPU
	EndGlobalSection
	GlobalSection(SolutionProperties) = preSolution
		HideSolutionNode = FALSE
	EndGlobalSection
	GlobalSection(ExtensibilityGlobals) = postSolution
		SolutionGuid = {450CE682-EE68-4D84-9E6B-B52FBCFBBD59}
	EndGlobalSection
EndGlobal
